
Microsoft Visual Studio Solution File, Format Version 12.00
# Visual Studio Version 16
VisualStudioVersion = 16.0.32228.343
MinimumVisualStudioVersion = 10.0.40219.1
Project("{FAE04EC0-301F-11D3-BF4B-00C04F79EFBC}") = "Strategy", "Strategy\Strategy.csproj", "{AE3F1E4F-9F32-46F9-B525-49C8C3D54915}"
EndProject
Global
	GlobalSection(SolutionConfigurationPlatforms) = preSolution
		Debug|Any CPU = Debug|Any CPU
		Release|Any CPU = Release|Any CPU
	EndGlobalSection
	GlobalSection(ProjectConfigurationPlatforms) = postSolution
		{AE3F1E4F-9F32-46F9-B525-49C8C3D54915}.Debug|Any CPU.ActiveCfg = Debug|Any CPU
		{AE3F1E4F-9F32-46F9-B525-49C8C3D54915}.Debug|Any CPU.Build.0 = Debug|Any CPU
		{AE3F1E4F-9F32-46F9-B525-49C8C3D54915}.Release|Any CPU.ActiveCfg = Release|Any CPU
		{AE3F1E4F-9F32-46F9-B525-49C8C3D54915}.Release|Any CPU.Build.0 = Release|Any CPU
	EndGlobalSection
	GlobalSection(SolutionProperties) = preSolution
		HideSolutionNode = FALSE
	EndGlobalSection
	GlobalSection(ExtensibilityGlobals) = postSolution
		SolutionGuid = {2151B574-4A6B-4E3F-AE72-7F02ECFEF734}
	EndGlobalSection
EndGlobal
